{
  "version": 4,
  "terraform_version": "1.0.7",
  "serial": 3,
  "lineage": "8f5ee406-7175-4104-825d-c94961ca2802",
  "outputs": {},
  "resources": [
    {
      "module": "module.mymodule",
      "mode": "managed",
      "type": "azurerm_resource_group",
      "name": "resource_gp",
      "provider": "module.mymodule.provider[\"registry.terraform.io/hashicorp/azurerm\"]",
      "instances": [
        {
          "schema_version": 0,
          "attributes": {
            "id": "/subscriptions/be0f6970-0f70-4b0b-bb02-edee0ed63818/resourceGroups/iwinnerterraformgroup",
            "location": "eastus",
            "name": "iwinnerterraformgroup",
            "tags": {
              "owner": "welcome"
            },
            "timeouts": null
          },
          "sensitive_attributes": [],
          "private": "eyJlMmJmYjczMC1lY2FhLTExZTYtOGY4OC0zNDM2M2JjN2M0YzAiOnsiY3JlYXRlIjo1NDAwMDAwMDAwMDAwLCJkZWxldGUiOjU0MDAwMDAwMDAwMDAsInJlYWQiOjMwMDAwMDAwMDAwMCwidXBkYXRlIjo1NDAwMDAwMDAwMDAwfX0="
        }
      ]
    }
  ]
}
