{
  "version": 4,
  "terraform_version": "1.0.7",
  "serial": 1,
  "lineage": "01576529-404d-e024-690e-6028d5ec2e7e",
  "outputs": {},
  "resources": [
    {
      "mode": "managed",
      "type": "random_pet",
      "name": "my_pet",
      "provider": "provider[\"registry.terraform.io/hashicorp/random\"]",
      "instances": [
        {
          "schema_version": 0,
          "attributes": {
            "id": "Mr-rapid-gazelle",
            "keepers": null,
            "length": 2,
            "prefix": "Mr",
            "separator": "-"
          },
          "sensitive_attributes": [],
          "private": "bnVsbA=="
        }
      ]
    }
  ]
}
