{
  "version": 4,
  "terraform_version": "1.0.7",
  "serial": 55,
  "lineage": "4efc7b00-055b-e898-582c-97b804074976",
  "outputs": {},
  "resources": [
    {
      "mode": "managed",
      "type": "azurerm_cosmosdb_sql_container",
      "name": "coll",
      "provider": "provider[\"registry.terraform.io/hashicorp/azurerm\"]",
      "instances": []
    },
    {
      "mode": "managed",
      "type": "azurerm_cosmosdb_sql_database",
      "name": "db",
      "provider": "provider[\"registry.terraform.io/hashicorp/azurerm\"]",
      "instances": []
    },
    {
      "mode": "managed",
      "type": "azurerm_databricks_workspace",
      "name": "example",
      "provider": "provider[\"registry.terraform.io/hashicorp/azurerm\"]",
      "instances": [
        {
          "schema_version": 0,
          "attributes": {
            "custom_parameters": [
              {
                "machine_learning_workspace_id": "",
                "nat_gateway_name": "nat-gateway",
                "no_public_ip": false,
                "private_subnet_name": "",
                "private_subnet_network_security_group_association_id": "",
                "public_ip_name": "nat-gw-public-ip",
                "public_subnet_name": "",
                "public_subnet_network_security_group_association_id": "",
                "storage_account_name": "dbstoragermavejzk2672c",
                "storage_account_sku_name": "Standard_GRS",
                "virtual_network_id": "",
                "vnet_address_prefix": "10.139"
              }
            ],
            "customer_managed_key_enabled": false,
            "id": "/subscriptions/be0f6970-0f70-4b0b-bb02-edee0ed63818/resourceGroups/welcomdemodataengneer/providers/Microsoft.Databricks/workspaces/databricks-test",
            "infrastructure_encryption_enabled": false,
            "load_balancer_backend_address_pool_id": null,
            "location": "eastus",
            "managed_resource_group_id": "/subscriptions/be0f6970-0f70-4b0b-bb02-edee0ed63818/resourceGroups/databricks-rg-welcomdemodataengneer",
            "managed_resource_group_name": "databricks-rg-welcomdemodataengneer",
            "managed_services_cmk_key_vault_key_id": null,
            "name": "databricks-test",
            "network_security_group_rules_required": null,
            "public_network_access_enabled": true,
            "resource_group_name": "welcomdemodataengneer",
            "sku": "standard",
            "storage_account_identity": [],
            "tags": {
              "Environment": "Production"
            },
            "timeouts": null,
            "workspace_id": "5432930081380741",
            "workspace_url": "adb-5432930081380741.1.azuredatabricks.net"
          },
          "sensitive_attributes": [],
          "private": "eyJlMmJmYjczMC1lY2FhLTExZTYtOGY4OC0zNDM2M2JjN2M0YzAiOnsiY3JlYXRlIjoxODAwMDAwMDAwMDAwLCJkZWxldGUiOjE4MDAwMDAwMDAwMDAsInJlYWQiOjMwMDAwMDAwMDAwMCwidXBkYXRlIjoxODAwMDAwMDAwMDAwfX0=",
          "dependencies": [
            "azurerm_resource_group.test"
          ]
        }
      ]
    },
    {
      "mode": "managed",
      "type": "azurerm_eventhub",
      "name": "test",
      "provider": "provider[\"registry.terraform.io/hashicorp/azurerm\"]",
      "instances": [
        {
          "schema_version": 0,
          "attributes": {
            "capture_description": [],
            "id": "/subscriptions/be0f6970-0f70-4b0b-bb02-edee0ed63818/resourceGroups/welcomdemodataengneer/providers/Microsoft.EventHub/namespaces/ArtHub/eventhubs/target",
            "message_retention": 1,
            "name": "target",
            "namespace_name": "ArtHub",
            "partition_count": 2,
            "partition_ids": [
              "0",
              "1"
            ],
            "resource_group_name": "welcomdemodataengneer",
            "status": "Active",
            "timeouts": null
          },
          "sensitive_attributes": [],
          "private": "eyJlMmJmYjczMC1lY2FhLTExZTYtOGY4OC0zNDM2M2JjN2M0YzAiOnsiY3JlYXRlIjoxODAwMDAwMDAwMDAwLCJkZWxldGUiOjE4MDAwMDAwMDAwMDAsInJlYWQiOjMwMDAwMDAwMDAwMCwidXBkYXRlIjoxODAwMDAwMDAwMDAwfX0=",
          "dependencies": [
            "azurerm_eventhub_namespace.test",
            "azurerm_resource_group.test"
          ]
        }
      ]
    },
    {
      "mode": "managed",
      "type": "azurerm_eventhub_namespace",
      "name": "test",
      "provider": "provider[\"registry.terraform.io/hashicorp/azurerm\"]",
      "instances": [
        {
          "schema_version": 0,
          "attributes": {
            "auto_inflate_enabled": false,
            "capacity": 1,
            "dedicated_cluster_id": "",
            "default_primary_connection_string": "Endpoint=sb://arthub.servicebus.windows.net/;SharedAccessKeyName=RootManageSharedAccessKey;SharedAccessKey=E9dcu5u8bRICwawP+m6yw4Ka+HgeOkkC+Vr/QHhn2lg=",
            "default_primary_connection_string_alias": "",
            "default_primary_key": "E9dcu5u8bRICwawP+m6yw4Ka+HgeOkkC+Vr/QHhn2lg=",
            "default_secondary_connection_string": "Endpoint=sb://arthub.servicebus.windows.net/;SharedAccessKeyName=RootManageSharedAccessKey;SharedAccessKey=1kQJVf+oTflEeURUT+ndfy7SCT1qlpj77tRTQTW6JvA=",
            "default_secondary_connection_string_alias": "",
            "default_secondary_key": "1kQJVf+oTflEeURUT+ndfy7SCT1qlpj77tRTQTW6JvA=",
            "id": "/subscriptions/be0f6970-0f70-4b0b-bb02-edee0ed63818/resourceGroups/welcomdemodataengneer/providers/Microsoft.EventHub/namespaces/ArtHub",
            "identity": [],
            "location": "eastus",
            "maximum_throughput_units": 0,
            "name": "ArtHub",
            "network_rulesets": [
              {
                "default_action": "Deny",
                "ip_rule": [],
                "trusted_service_access_enabled": false,
                "virtual_network_rule": []
              }
            ],
            "resource_group_name": "welcomdemodataengneer",
            "sku": "Standard",
            "tags": {
              "environment": "dev"
            },
            "timeouts": null,
            "zone_redundant": false
          },
          "sensitive_attributes": [],
          "private": "eyJlMmJmYjczMC1lY2FhLTExZTYtOGY4OC0zNDM2M2JjN2M0YzAiOnsiY3JlYXRlIjoxODAwMDAwMDAwMDAwLCJkZWxldGUiOjE4MDAwMDAwMDAwMDAsInJlYWQiOjMwMDAwMDAwMDAwMCwidXBkYXRlIjoxODAwMDAwMDAwMDAwfX0=",
          "dependencies": [
            "azurerm_resource_group.test"
          ]
        }
      ]
    },
    {
      "mode": "managed",
      "type": "azurerm_mysql_database",
      "name": "database",
      "provider": "provider[\"registry.terraform.io/hashicorp/azurerm\"]",
      "instances": [
        {
          "schema_version": 0,
          "attributes": {
            "charset": "utf8",
            "collation": "utf8_unicode_ci",
            "id": "/subscriptions/be0f6970-0f70-4b0b-bb02-edee0ed63818/resourceGroups/welcomdemodataengneer/providers/Microsoft.DBforMySQL/servers/welcomdemo-mysqlserver/databases/mydb",
            "name": "mydb",
            "resource_group_name": "welcomdemodataengneer",
            "server_name": "welcomdemo-mysqlserver",
            "timeouts": null
          },
          "sensitive_attributes": [],
          "private": "eyJlMmJmYjczMC1lY2FhLTExZTYtOGY4OC0zNDM2M2JjN2M0YzAiOnsiY3JlYXRlIjozNjAwMDAwMDAwMDAwLCJkZWxldGUiOjM2MDAwMDAwMDAwMDAsInJlYWQiOjMwMDAwMDAwMDAwMCwidXBkYXRlIjozNjAwMDAwMDAwMDAwfX0=",
          "dependencies": [
            "azurerm_mysql_server.db-server",
            "azurerm_resource_group.test"
          ]
        }
      ]
    },
    {
      "mode": "managed",
      "type": "azurerm_mysql_server",
      "name": "db-server",
      "provider": "provider[\"registry.terraform.io/hashicorp/azurerm\"]",
      "instances": [
        {
          "schema_version": 0,
          "attributes": {
            "administrator_login": "welcome",
            "administrator_login_password": "Maxs@123",
            "auto_grow_enabled": true,
            "backup_retention_days": 7,
            "create_mode": "Default",
            "creation_source_server_id": null,
            "fqdn": "welcomdemo-mysqlserver.mysql.database.azure.com",
            "geo_redundant_backup_enabled": false,
            "id": "/subscriptions/be0f6970-0f70-4b0b-bb02-edee0ed63818/resourceGroups/welcomdemodataengneer/providers/Microsoft.DBforMySQL/servers/welcomdemo-mysqlserver",
            "identity": [],
            "infrastructure_encryption_enabled": false,
            "location": "eastus",
            "name": "welcomdemo-mysqlserver",
            "public_network_access_enabled": true,
            "resource_group_name": "welcomdemodataengneer",
            "restore_point_in_time": null,
            "sku_name": "B_Gen5_2",
            "ssl_enforcement": "Enabled",
            "ssl_enforcement_enabled": true,
            "ssl_minimal_tls_version_enforced": "TLS1_2",
            "storage_mb": 5120,
            "storage_profile": [
              {
                "auto_grow": "Enabled",
                "backup_retention_days": 7,
                "geo_redundant_backup": "Disabled",
                "storage_mb": 5120
              }
            ],
            "tags": {},
            "threat_detection_policy": [],
            "timeouts": null,
            "version": "5.7"
          },
          "sensitive_attributes": [],
          "private": "eyJlMmJmYjczMC1lY2FhLTExZTYtOGY4OC0zNDM2M2JjN2M0YzAiOnsiY3JlYXRlIjozNjAwMDAwMDAwMDAwLCJkZWxldGUiOjM2MDAwMDAwMDAwMDAsInJlYWQiOjMwMDAwMDAwMDAwMCwidXBkYXRlIjozNjAwMDAwMDAwMDAwfX0=",
          "dependencies": [
            "azurerm_resource_group.test"
          ]
        }
      ]
    },
    {
      "mode": "managed",
      "type": "azurerm_resource_group",
      "name": "test",
      "provider": "provider[\"registry.terraform.io/hashicorp/azurerm\"]",
      "instances": [
        {
          "schema_version": 0,
          "attributes": {
            "id": "/subscriptions/be0f6970-0f70-4b0b-bb02-edee0ed63818/resourceGroups/welcomdemodataengneer",
            "location": "eastus",
            "name": "welcomdemodataengneer",
            "tags": {
              "environtement": "dev"
            },
            "timeouts": null
          },
          "sensitive_attributes": [],
          "private": "eyJlMmJmYjczMC1lY2FhLTExZTYtOGY4OC0zNDM2M2JjN2M0YzAiOnsiY3JlYXRlIjo1NDAwMDAwMDAwMDAwLCJkZWxldGUiOjU0MDAwMDAwMDAwMDAsInJlYWQiOjMwMDAwMDAwMDAwMCwidXBkYXRlIjo1NDAwMDAwMDAwMDAwfX0="
        }
      ]
    }
  ]
}
