{
  "version": 4,
  "terraform_version": "1.0.7",
  "serial": 20,
  "lineage": "fab9013d-5f57-612b-8d88-d6cdb9b2a2e1",
  "outputs": {
    "blob_url": {
      "value": "https://iwinnerterraformutils.blob.core.windows.net/my-files/sample-file.sh",
      "type": "string"
    },
    "primary_blob_endpoint": {
      "value": "https://iwinnerterraformutils.blob.core.windows.net/",
      "type": "string"
    },
    "storage_account_id": {
      "value": "/subscriptions/be0f6970-0f70-4b0b-bb02-edee0ed63818/resourceGroups/welcomdemo/providers/Microsoft.Storage/storageAccounts/iwinnerterraformutils",
      "type": "string"
    }
  },
  "resources": [
    {
      "mode": "managed",
      "type": "azurerm_resource_group",
      "name": "rg",
      "provider": "provider[\"registry.terraform.io/hashicorp/azurerm\"]",
      "instances": [
        {
          "schema_version": 0,
          "attributes": {
            "id": "/subscriptions/be0f6970-0f70-4b0b-bb02-edee0ed63818/resourceGroups/welcomdemo",
            "location": "eastus",
            "name": "welcomdemo",
            "tags": null,
            "timeouts": null
          },
          "sensitive_attributes": [],
          "private": "eyJlMmJmYjczMC1lY2FhLTExZTYtOGY4OC0zNDM2M2JjN2M0YzAiOnsiY3JlYXRlIjo1NDAwMDAwMDAwMDAwLCJkZWxldGUiOjU0MDAwMDAwMDAwMDAsInJlYWQiOjMwMDAwMDAwMDAwMCwidXBkYXRlIjo1NDAwMDAwMDAwMDAwfX0="
        }
      ]
    },
    {
      "mode": "managed",
      "type": "azurerm_storage_account",
      "name": "storage",
      "provider": "provider[\"registry.terraform.io/hashicorp/azurerm\"]",
      "instances": [
        {
          "schema_version": 2,
          "attributes": {
            "access_tier": "Hot",
            "account_kind": "StorageV2",
            "account_replication_type": "LRS",
            "account_tier": "Standard",
            "allow_blob_public_access": true,
            "azure_files_authentication": [],
            "blob_properties": [
              {
                "change_feed_enabled": false,
                "container_delete_retention_policy": [],
                "cors_rule": [],
                "default_service_version": "",
                "delete_retention_policy": [],
                "last_access_time_enabled": false,
                "versioning_enabled": false
              }
            ],
            "custom_domain": [],
            "enable_https_traffic_only": true,
            "id": "/subscriptions/be0f6970-0f70-4b0b-bb02-edee0ed63818/resourceGroups/welcomdemo/providers/Microsoft.Storage/storageAccounts/iwinnerterraformutils",
            "identity": [],
            "is_hns_enabled": false,
            "large_file_share_enabled": null,
            "location": "eastus",
            "min_tls_version": "TLS1_0",
            "name": "iwinnerterraformutils",
            "network_rules": [
              {
                "bypass": [
                  "AzureServices"
                ],
                "default_action": "Allow",
                "ip_rules": [],
                "private_link_access": [],
                "virtual_network_subnet_ids": []
              }
            ],
            "nfsv3_enabled": false,
            "primary_access_key": "HPFrsmnkGH3/SLrNuEL1DUuexECXg88jcl0LBP9JCtJyXrio+3QCTiKbj0c1YIxd6aKucTvv2yDHkrmVxhpUuA==",
            "primary_blob_connection_string": "DefaultEndpointsProtocol=https;BlobEndpoint=https://iwinnerterraformutils.blob.core.windows.net/;AccountName=iwinnerterraformutils;AccountKey=HPFrsmnkGH3/SLrNuEL1DUuexECXg88jcl0LBP9JCtJyXrio+3QCTiKbj0c1YIxd6aKucTvv2yDHkrmVxhpUuA==",
            "primary_blob_endpoint": "https://iwinnerterraformutils.blob.core.windows.net/",
            "primary_blob_host": "iwinnerterraformutils.blob.core.windows.net",
            "primary_connection_string": "DefaultEndpointsProtocol=https;AccountName=iwinnerterraformutils;AccountKey=HPFrsmnkGH3/SLrNuEL1DUuexECXg88jcl0LBP9JCtJyXrio+3QCTiKbj0c1YIxd6aKucTvv2yDHkrmVxhpUuA==;EndpointSuffix=core.windows.net",
            "primary_dfs_endpoint": "https://iwinnerterraformutils.dfs.core.windows.net/",
            "primary_dfs_host": "iwinnerterraformutils.dfs.core.windows.net",
            "primary_file_endpoint": "https://iwinnerterraformutils.file.core.windows.net/",
            "primary_file_host": "iwinnerterraformutils.file.core.windows.net",
            "primary_location": "eastus",
            "primary_queue_endpoint": "https://iwinnerterraformutils.queue.core.windows.net/",
            "primary_queue_host": "iwinnerterraformutils.queue.core.windows.net",
            "primary_table_endpoint": "https://iwinnerterraformutils.table.core.windows.net/",
            "primary_table_host": "iwinnerterraformutils.table.core.windows.net",
            "primary_web_endpoint": "https://iwinnerterraformutils.z13.web.core.windows.net/",
            "primary_web_host": "iwinnerterraformutils.z13.web.core.windows.net",
            "queue_properties": [
              {
                "cors_rule": [],
                "hour_metrics": [
                  {
                    "enabled": true,
                    "include_apis": true,
                    "retention_policy_days": 7,
                    "version": "1.0"
                  }
                ],
                "logging": [
                  {
                    "delete": false,
                    "read": false,
                    "retention_policy_days": 0,
                    "version": "1.0",
                    "write": false
                  }
                ],
                "minute_metrics": [
                  {
                    "enabled": false,
                    "include_apis": false,
                    "retention_policy_days": 0,
                    "version": "1.0"
                  }
                ]
              }
            ],
            "resource_group_name": "welcomdemo",
            "routing": [],
            "secondary_access_key": "Ii0+w78YTNJmxRZRm9kbu3lVn3UlqP0nbz5NBpe96Gj/OaK3XFiBu+59dviOMRSYCmLlziP9Rs1VxfaCpgpmWg==",
            "secondary_blob_connection_string": "",
            "secondary_blob_endpoint": null,
            "secondary_blob_host": null,
            "secondary_connection_string": "DefaultEndpointsProtocol=https;AccountName=iwinnerterraformutils;AccountKey=Ii0+w78YTNJmxRZRm9kbu3lVn3UlqP0nbz5NBpe96Gj/OaK3XFiBu+59dviOMRSYCmLlziP9Rs1VxfaCpgpmWg==;EndpointSuffix=core.windows.net",
            "secondary_dfs_endpoint": null,
            "secondary_dfs_host": null,
            "secondary_file_endpoint": null,
            "secondary_file_host": null,
            "secondary_location": "",
            "secondary_queue_endpoint": null,
            "secondary_queue_host": null,
            "secondary_table_endpoint": null,
            "secondary_table_host": null,
            "secondary_web_endpoint": null,
            "secondary_web_host": null,
            "share_properties": [
              {
                "cors_rule": [],
                "retention_policy": [
                  {
                    "days": 7
                  }
                ],
                "smb": []
              }
            ],
            "shared_access_key_enabled": true,
            "static_website": [],
            "tags": null,
            "timeouts": null
          },
          "sensitive_attributes": [],
          "private": "eyJlMmJmYjczMC1lY2FhLTExZTYtOGY4OC0zNDM2M2JjN2M0YzAiOnsiY3JlYXRlIjozNjAwMDAwMDAwMDAwLCJkZWxldGUiOjM2MDAwMDAwMDAwMDAsInJlYWQiOjMwMDAwMDAwMDAwMCwidXBkYXRlIjozNjAwMDAwMDAwMDAwfSwic2NoZW1hX3ZlcnNpb24iOiIyIn0=",
          "dependencies": [
            "azurerm_resource_group.rg"
          ]
        }
      ]
    },
    {
      "mode": "managed",
      "type": "azurerm_storage_blob",
      "name": "blob",
      "provider": "provider[\"registry.terraform.io/hashicorp/azurerm\"]",
      "instances": [
        {
          "schema_version": 1,
          "attributes": {
            "access_tier": "Hot",
            "content_md5": "",
            "content_type": "application/octet-stream",
            "id": "https://iwinnerterraformutils.blob.core.windows.net/my-files/sample-file.sh",
            "metadata": {},
            "name": "sample-file.sh",
            "parallelism": 8,
            "size": 0,
            "source": "commands.sh",
            "source_content": null,
            "source_uri": null,
            "storage_account_name": "iwinnerterraformutils",
            "storage_container_name": "my-files",
            "timeouts": null,
            "type": "Block",
            "url": "https://iwinnerterraformutils.blob.core.windows.net/my-files/sample-file.sh"
          },
          "sensitive_attributes": [],
          "private": "eyJlMmJmYjczMC1lY2FhLTExZTYtOGY4OC0zNDM2M2JjN2M0YzAiOnsiY3JlYXRlIjoxODAwMDAwMDAwMDAwLCJkZWxldGUiOjE4MDAwMDAwMDAwMDAsInJlYWQiOjMwMDAwMDAwMDAwMCwidXBkYXRlIjoxODAwMDAwMDAwMDAwfSwic2NoZW1hX3ZlcnNpb24iOiIxIn0=",
          "dependencies": [
            "azurerm_resource_group.rg",
            "azurerm_storage_account.storage",
            "azurerm_storage_container.container"
          ]
        }
      ]
    },
    {
      "mode": "managed",
      "type": "azurerm_storage_container",
      "name": "container",
      "provider": "provider[\"registry.terraform.io/hashicorp/azurerm\"]",
      "instances": [
        {
          "schema_version": 1,
          "attributes": {
            "container_access_type": "container",
            "has_immutability_policy": false,
            "has_legal_hold": false,
            "id": "https://iwinnerterraformutils.blob.core.windows.net/my-files",
            "metadata": {},
            "name": "my-files",
            "resource_manager_id": "/subscriptions/be0f6970-0f70-4b0b-bb02-edee0ed63818/resourceGroups/welcomdemo/providers/Microsoft.Storage/storageAccounts/iwinnerterraformutils/blobServices/default/containers/my-files",
            "storage_account_name": "iwinnerterraformutils",
            "timeouts": null
          },
          "sensitive_attributes": [],
          "private": "eyJlMmJmYjczMC1lY2FhLTExZTYtOGY4OC0zNDM2M2JjN2M0YzAiOnsiY3JlYXRlIjoxODAwMDAwMDAwMDAwLCJkZWxldGUiOjE4MDAwMDAwMDAwMDAsInJlYWQiOjMwMDAwMDAwMDAwMCwidXBkYXRlIjoxODAwMDAwMDAwMDAwfSwic2NoZW1hX3ZlcnNpb24iOiIxIn0=",
          "dependencies": [
            "azurerm_resource_group.rg",
            "azurerm_storage_account.storage"
          ]
        }
      ]
    }
  ]
}
