{
  "version": 4,
  "terraform_version": "1.0.7",
  "serial": 33,
  "lineage": "1bc533d7-9ff0-3231-d7fc-51f9c85bd4d5",
  "outputs": {},
  "resources": [
    {
      "mode": "managed",
      "type": "azurerm_databricks_workspace",
      "name": "example",
      "provider": "provider[\"registry.terraform.io/hashicorp/azurerm\"]",
      "instances": [
        {
          "schema_version": 0,
          "attributes": {
            "custom_parameters": [
              {
                "machine_learning_workspace_id": "",
                "nat_gateway_name": "nat-gateway",
                "no_public_ip": false,
                "private_subnet_name": "",
                "private_subnet_network_security_group_association_id": "",
                "public_ip_name": "nat-gw-public-ip",
                "public_subnet_name": "",
                "public_subnet_network_security_group_association_id": "",
                "storage_account_name": "dbstoragepan25ugi36t7q",
                "storage_account_sku_name": "Standard_GRS",
                "virtual_network_id": "",
                "vnet_address_prefix": "10.139"
              }
            ],
            "customer_managed_key_enabled": false,
            "id": "/subscriptions/be0f6970-0f70-4b0b-bb02-edee0ed63818/resourceGroups/welcomdemo-rg/providers/Microsoft.Databricks/workspaces/databricks-test",
            "infrastructure_encryption_enabled": false,
            "load_balancer_backend_address_pool_id": null,
            "location": "eastus",
            "managed_resource_group_id": "/subscriptions/be0f6970-0f70-4b0b-bb02-edee0ed63818/resourceGroups/databricks-rg-welcomdemo-rg",
            "managed_resource_group_name": "databricks-rg-welcomdemo-rg",
            "managed_services_cmk_key_vault_key_id": null,
            "name": "databricks-test",
            "network_security_group_rules_required": null,
            "public_network_access_enabled": true,
            "resource_group_name": "welcomdemo-rg",
            "sku": "standard",
            "storage_account_identity": [],
            "tags": {
              "Environment": "Production"
            },
            "timeouts": null,
            "workspace_id": "7553631227950956",
            "workspace_url": "adb-7553631227950956.16.azuredatabricks.net"
          },
          "sensitive_attributes": [],
          "private": "eyJlMmJmYjczMC1lY2FhLTExZTYtOGY4OC0zNDM2M2JjN2M0YzAiOnsiY3JlYXRlIjoxODAwMDAwMDAwMDAwLCJkZWxldGUiOjE4MDAwMDAwMDAwMDAsInJlYWQiOjMwMDAwMDAwMDAwMCwidXBkYXRlIjoxODAwMDAwMDAwMDAwfX0=",
          "dependencies": [
            "azurerm_resource_group.rg"
          ]
        }
      ]
    },
    {
      "mode": "managed",
      "type": "azurerm_mysql_database",
      "name": "database",
      "provider": "provider[\"registry.terraform.io/hashicorp/azurerm\"]",
      "instances": [
        {
          "schema_version": 0,
          "attributes": {
            "charset": "utf8",
            "collation": "utf8_unicode_ci",
            "id": "/subscriptions/be0f6970-0f70-4b0b-bb02-edee0ed63818/resourceGroups/welcomdemo-rg/providers/Microsoft.DBforMySQL/servers/welcomdemo-mysqlserver/databases/mydb",
            "name": "mydb",
            "resource_group_name": "welcomdemo-rg",
            "server_name": "welcomdemo-mysqlserver",
            "timeouts": null
          },
          "sensitive_attributes": [],
          "private": "eyJlMmJmYjczMC1lY2FhLTExZTYtOGY4OC0zNDM2M2JjN2M0YzAiOnsiY3JlYXRlIjozNjAwMDAwMDAwMDAwLCJkZWxldGUiOjM2MDAwMDAwMDAwMDAsInJlYWQiOjMwMDAwMDAwMDAwMCwidXBkYXRlIjozNjAwMDAwMDAwMDAwfX0=",
          "dependencies": [
            "azurerm_mysql_server.db-server",
            "azurerm_resource_group.rg"
          ]
        }
      ]
    },
    {
      "mode": "managed",
      "type": "azurerm_mysql_server",
      "name": "db-server",
      "provider": "provider[\"registry.terraform.io/hashicorp/azurerm\"]",
      "instances": [
        {
          "schema_version": 0,
          "attributes": {
            "administrator_login": "welcome",
            "administrator_login_password": "Maxs@123",
            "auto_grow_enabled": true,
            "backup_retention_days": 7,
            "create_mode": "Default",
            "creation_source_server_id": null,
            "fqdn": "welcomdemo-mysqlserver.mysql.database.azure.com",
            "geo_redundant_backup_enabled": false,
            "id": "/subscriptions/be0f6970-0f70-4b0b-bb02-edee0ed63818/resourceGroups/welcomdemo-rg/providers/Microsoft.DBforMySQL/servers/welcomdemo-mysqlserver",
            "identity": [],
            "infrastructure_encryption_enabled": false,
            "location": "eastus",
            "name": "welcomdemo-mysqlserver",
            "public_network_access_enabled": true,
            "resource_group_name": "welcomdemo-rg",
            "restore_point_in_time": null,
            "sku_name": "B_Gen5_2",
            "ssl_enforcement": "Enabled",
            "ssl_enforcement_enabled": true,
            "ssl_minimal_tls_version_enforced": "TLS1_2",
            "storage_mb": 5120,
            "storage_profile": [
              {
                "auto_grow": "Enabled",
                "backup_retention_days": 7,
                "geo_redundant_backup": "Disabled",
                "storage_mb": 5120
              }
            ],
            "tags": null,
            "threat_detection_policy": [],
            "timeouts": null,
            "version": "5.7"
          },
          "sensitive_attributes": [],
          "private": "eyJlMmJmYjczMC1lY2FhLTExZTYtOGY4OC0zNDM2M2JjN2M0YzAiOnsiY3JlYXRlIjozNjAwMDAwMDAwMDAwLCJkZWxldGUiOjM2MDAwMDAwMDAwMDAsInJlYWQiOjMwMDAwMDAwMDAwMCwidXBkYXRlIjozNjAwMDAwMDAwMDAwfX0=",
          "dependencies": [
            "azurerm_resource_group.rg"
          ]
        }
      ]
    },
    {
      "mode": "managed",
      "type": "azurerm_resource_group",
      "name": "rg",
      "provider": "provider[\"registry.terraform.io/hashicorp/azurerm\"]",
      "instances": [
        {
          "schema_version": 0,
          "attributes": {
            "id": "/subscriptions/be0f6970-0f70-4b0b-bb02-edee0ed63818/resourceGroups/welcomdemo-rg",
            "location": "eastus",
            "name": "welcomdemo-rg",
            "tags": null,
            "timeouts": null
          },
          "sensitive_attributes": [],
          "private": "eyJlMmJmYjczMC1lY2FhLTExZTYtOGY4OC0zNDM2M2JjN2M0YzAiOnsiY3JlYXRlIjo1NDAwMDAwMDAwMDAwLCJkZWxldGUiOjU0MDAwMDAwMDAwMDAsInJlYWQiOjMwMDAwMDAwMDAwMCwidXBkYXRlIjo1NDAwMDAwMDAwMDAwfX0="
        }
      ]
    },
    {
      "mode": "managed",
      "type": "azurerm_resource_group",
      "name": "rg1",
      "provider": "provider[\"registry.terraform.io/hashicorp/azurerm\"]",
      "instances": [
        {
          "schema_version": 0,
          "attributes": {
            "id": "/subscriptions/be0f6970-0f70-4b0b-bb02-edee0ed63818/resourceGroups/welcomeiwinnerdbs",
            "location": "eastus",
            "name": "welcomeiwinnerdbs",
            "tags": {
              "environment": "production"
            },
            "timeouts": null
          },
          "sensitive_attributes": [],
          "private": "eyJlMmJmYjczMC1lY2FhLTExZTYtOGY4OC0zNDM2M2JjN2M0YzAiOnsiY3JlYXRlIjo1NDAwMDAwMDAwMDAwLCJkZWxldGUiOjU0MDAwMDAwMDAwMDAsInJlYWQiOjMwMDAwMDAwMDAwMCwidXBkYXRlIjo1NDAwMDAwMDAwMDAwfX0="
        }
      ]
    },
    {
      "mode": "managed",
      "type": "azurerm_sql_database",
      "name": "db",
      "provider": "provider[\"registry.terraform.io/hashicorp/azurerm\"]",
      "instances": []
    }
  ]
}
